// !$*UTF8*$!
{
	archiveVersion = 1;
	classes = {
	};
	objectVersion = 51;
	objects = {

/* Begin PBXBuildFile section */
		062A3117247D6706002BF51C /* CommunityDetailViewController.swift in Sources */ = {isa = PBXBuildFile; fileRef = 062A3116247D6706002BF51C /* CommunityDetailViewController.swift */; };
		0660D67E247C00AF0081A8C0 /* UIColor+Extension.swift in Sources */ = {isa = PBXBuildFile; fileRef = 0660D67D247C00AF0081A8C0 /* UIColor+Extension.swift */; };
		0660D680247C0A150081A8C0 /* UIViewController+Extension.swift in Sources */ = {isa = PBXBuildFile; fileRef = 0660D67F247C0A150081A8C0 /* UIViewController+Extension.swift */; };
		0684FC542484F6B600532B77 /* HistoryTableViewCell.swift in Sources */ = {isa = PBXBuildFile; fileRef = 0684FC532484F6B600532B77 /* HistoryTableViewCell.swift */; };
		0684FC582485459C00532B77 /* HistoryViewController.swift in Sources */ = {isa = PBXBuildFile; fileRef = 0684FC572485459C00532B77 /* HistoryViewController.swift */; };
		0684FC5B24862EBC00532B77 /* HistoryListModel.swift in Sources */ = {isa = PBXBuildFile; fileRef = 0684FC5A24862EBC00532B77 /* HistoryListModel.swift */; };
		0684FC5E2487A19B00532B77 /* CommunityServiceProtocol.swift in Sources */ = {isa = PBXBuildFile; fileRef = 0684FC5D2487A19A00532B77 /* CommunityServiceProtocol.swift */; };
		0684FC612487A1AB00532B77 /* CommunityServiceImp.swift in Sources */ = {isa = PBXBuildFile; fileRef = 0684FC602487A1AB00532B77 /* CommunityServiceImp.swift */; };
		0684FC642487A3E100532B77 /* BaseAPI.swift in Sources */ = {isa = PBXBuildFile; fileRef = 0684FC632487A3E100532B77 /* BaseAPI.swift */; };
		0684FC662487A47300532B77 /* RequestURL.swift in Sources */ = {isa = PBXBuildFile; fileRef = 0684FC652487A47300532B77 /* RequestURL.swift */; };
		0684FC682487A9A300532B77 /* ResponseModel.swift in Sources */ = {isa = PBXBuildFile; fileRef = 0684FC672487A9A300532B77 /* ResponseModel.swift */; };
		0684FC6B2487AA6700532B77 /* CommunityListModel.swift in Sources */ = {isa = PBXBuildFile; fileRef = 0684FC6A2487AA6700532B77 /* CommunityListModel.swift */; };
		0684FC6D2487B72900532B77 /* DependencyContainer.swift in Sources */ = {isa = PBXBuildFile; fileRef = 0684FC6C2487B72900532B77 /* DependencyContainer.swift */; };
		0684FC6F2487B75700532B77 /* DependencyPool.swift in Sources */ = {isa = PBXBuildFile; fileRef = 0684FC6E2487B75700532B77 /* DependencyPool.swift */; };
		0684FC722487BF0A00532B77 /* CommentTableViewCell.swift in Sources */ = {isa = PBXBuildFile; fileRef = 0684FC702487BF0A00532B77 /* CommentTableViewCell.swift */; };
		0684FC732487BF0A00532B77 /* CommentTableViewCell.xib in Resources */ = {isa = PBXBuildFile; fileRef = 0684FC712487BF0A00532B77 /* CommentTableViewCell.xib */; };
		06BBC13F246FCF0200BD0301 /* CommunityViewController.swift in Sources */ = {isa = PBXBuildFile; fileRef = 06BBC13E246FCF0200BD0301 /* CommunityViewController.swift */; };
		06BBC143246FD53300BD0301 /* CommunityTableViewCell.swift in Sources */ = {isa = PBXBuildFile; fileRef = 06BBC141246FD53300BD0301 /* CommunityTableViewCell.swift */; };
		06BBC144246FD53300BD0301 /* CommunityTableViewCell.xib in Resources */ = {isa = PBXBuildFile; fileRef = 06BBC142246FD53300BD0301 /* CommunityTableViewCell.xib */; };
		06C9A037246C04160045E623 /* AppDelegate.swift in Sources */ = {isa = PBXBuildFile; fileRef = 06C9A036246C04160045E623 /* AppDelegate.swift */; };
		06C9A03B246C04160045E623 /* MainViewController.swift in Sources */ = {isa = PBXBuildFile; fileRef = 06C9A03A246C04160045E623 /* MainViewController.swift */; };
		06C9A03E246C04160045E623 /* Main.storyboard in Resources */ = {isa = PBXBuildFile; fileRef = 06C9A03C246C04160045E623 /* Main.storyboard */; };
		06C9A040246C04170045E623 /* Assets.xcassets in Resources */ = {isa = PBXBuildFile; fileRef = 06C9A03F246C04170045E623 /* Assets.xcassets */; };
		06C9A043246C04170045E623 /* LaunchScreen.storyboard in Resources */ = {isa = PBXBuildFile; fileRef = 06C9A041246C04170045E623 /* LaunchScreen.storyboard */; };
		06C9A055246C1CA50045E623 /* StoryBoardName.swift in Sources */ = {isa = PBXBuildFile; fileRef = 06C9A054246C1CA50045E623 /* StoryBoardName.swift */; };
		06C9A057246C1CB00045E623 /* ViewControllerIdentifier.swift in Sources */ = {isa = PBXBuildFile; fileRef = 06C9A056246C1CB00045E623 /* ViewControllerIdentifier.swift */; };
		06C9A05A246C550C0045E623 /* UIView+Extension.swift in Sources */ = {isa = PBXBuildFile; fileRef = 06C9A059246C550C0045E623 /* UIView+Extension.swift */; };
		06C9A05C246C575B0045E623 /* CALayer+Extension.swift in Sources */ = {isa = PBXBuildFile; fileRef = 06C9A05B246C575B0045E623 /* CALayer+Extension.swift */; };
		06C9A060246D12570045E623 /* TabBar.storyboard in Resources */ = {isa = PBXBuildFile; fileRef = 06C9A05F246D12570045E623 /* TabBar.storyboard */; };
		06C9A064246D141C0045E623 /* Community.storyboard in Resources */ = {isa = PBXBuildFile; fileRef = 06C9A063246D141C0045E623 /* Community.storyboard */; };
		06C9A067246D14350045E623 /* History.storyboard in Resources */ = {isa = PBXBuildFile; fileRef = 06C9A066246D14350045E623 /* History.storyboard */; };
		06C9A069246D23AA0045E623 /* RecordViewController.swift in Sources */ = {isa = PBXBuildFile; fileRef = 06C9A068246D23AA0045E623 /* RecordViewController.swift */; };
		06C9A06B246D32500045E623 /* String+Extension.swift in Sources */ = {isa = PBXBuildFile; fileRef = 06C9A06A246D32500045E623 /* String+Extension.swift */; };
		06C9A06D246D32890045E623 /* Date+Extension.swift in Sources */ = {isa = PBXBuildFile; fileRef = 06C9A06C246D32890045E623 /* Date+Extension.swift */; };
		06C9A077246D342E0045E623 /* GgeumYeonGgeumJuTests.swift in Sources */ = {isa = PBXBuildFile; fileRef = 06C9A076246D342E0045E623 /* GgeumYeonGgeumJuTests.swift */; };
		06D3E6FD248F686A00360CCD /* CommunityHeader.xib in Resources */ = {isa = PBXBuildFile; fileRef = 06D3E6FC248F686A00360CCD /* CommunityHeader.xib */; };
		06D3E701248F6D3500360CCD /* CommunityHeader.swift in Sources */ = {isa = PBXBuildFile; fileRef = 06D3E700248F6D3500360CCD /* CommunityHeader.swift */; };
		8D7ADC677BEE34054E592C1D /* Pods_GgeumYeonGgeumJu.framework in Frameworks */ = {isa = PBXBuildFile; fileRef = 7507494FFC756790FA5BFBFE /* Pods_GgeumYeonGgeumJu.framework */; };
/* End PBXBuildFile section */

/* Begin PBXContainerItemProxy section */
		06C9A079246D342E0045E623 /* PBXContainerItemProxy */ = {
			isa = PBXContainerItemProxy;
			containerPortal = 06C9A02B246C04160045E623 /* Project object */;
			proxyType = 1;
			remoteGlobalIDString = 06C9A032246C04160045E623;
			remoteInfo = GgeumYeonGgeumJu;
		};
/* End PBXContainerItemProxy section */

/* Begin PBXFileReference section */
		008D661CD459A5FAEC95839F /* Pods-GgeumYeonGgeumJu.debug.xcconfig */ = {isa = PBXFileReference; includeInIndex = 1; lastKnownFileType = text.xcconfig; name = "Pods-GgeumYeonGgeumJu.debug.xcconfig"; path = "Target Support Files/Pods-GgeumYeonGgeumJu/Pods-GgeumYeonGgeumJu.debug.xcconfig"; sourceTree = "<group>"; };
		062A3116247D6706002BF51C /* CommunityDetailViewController.swift */ = {isa = PBXFileReference; lastKnownFileType = sourcecode.swift; path = CommunityDetailViewController.swift; sourceTree = "<group>"; };
		0660D67D247C00AF0081A8C0 /* UIColor+Extension.swift */ = {isa = PBXFileReference; lastKnownFileType = sourcecode.swift; path = "UIColor+Extension.swift"; sourceTree = "<group>"; };
		0660D67F247C0A150081A8C0 /* UIViewController+Extension.swift */ = {isa = PBXFileReference; lastKnownFileType = sourcecode.swift; path = "UIViewController+Extension.swift"; sourceTree = "<group>"; };
		0684FC532484F6B600532B77 /* HistoryTableViewCell.swift */ = {isa = PBXFileReference; lastKnownFileType = sourcecode.swift; path = HistoryTableViewCell.swift; sourceTree = "<group>"; };
		0684FC572485459C00532B77 /* HistoryViewController.swift */ = {isa = PBXFileReference; lastKnownFileType = sourcecode.swift; path = HistoryViewController.swift; sourceTree = "<group>"; };
		0684FC5A24862EBC00532B77 /* HistoryListModel.swift */ = {isa = PBXFileReference; lastKnownFileType = sourcecode.swift; path = HistoryListModel.swift; sourceTree = "<group>"; };
		0684FC5D2487A19A00532B77 /* CommunityServiceProtocol.swift */ = {isa = PBXFileReference; lastKnownFileType = sourcecode.swift; path = CommunityServiceProtocol.swift; sourceTree = "<group>"; };
		0684FC602487A1AB00532B77 /* CommunityServiceImp.swift */ = {isa = PBXFileReference; lastKnownFileType = sourcecode.swift; path = CommunityServiceImp.swift; sourceTree = "<group>"; };
		0684FC632487A3E100532B77 /* BaseAPI.swift */ = {isa = PBXFileReference; lastKnownFileType = sourcecode.swift; path = BaseAPI.swift; sourceTree = "<group>"; };
		0684FC652487A47300532B77 /* RequestURL.swift */ = {isa = PBXFileReference; lastKnownFileType = sourcecode.swift; path = RequestURL.swift; sourceTree = "<group>"; };
		0684FC672487A9A300532B77 /* ResponseModel.swift */ = {isa = PBXFileReference; lastKnownFileType = sourcecode.swift; path = ResponseModel.swift; sourceTree = "<group>"; };
		0684FC6A2487AA6700532B77 /* CommunityListModel.swift */ = {isa = PBXFileReference; lastKnownFileType = sourcecode.swift; path = CommunityListModel.swift; sourceTree = "<group>"; };
		0684FC6C2487B72900532B77 /* DependencyContainer.swift */ = {isa = PBXFileReference; lastKnownFileType = sourcecode.swift; path = DependencyContainer.swift; sourceTree = "<group>"; };
		0684FC6E2487B75700532B77 /* DependencyPool.swift */ = {isa = PBXFileReference; lastKnownFileType = sourcecode.swift; path = DependencyPool.swift; sourceTree = "<group>"; };
		0684FC702487BF0A00532B77 /* CommentTableViewCell.swift */ = {isa = PBXFileReference; lastKnownFileType = sourcecode.swift; path = CommentTableViewCell.swift; sourceTree = "<group>"; };
		0684FC712487BF0A00532B77 /* CommentTableViewCell.xib */ = {isa = PBXFileReference; lastKnownFileType = file.xib; path = CommentTableViewCell.xib; sourceTree = "<group>"; };
		06BBC13E246FCF0200BD0301 /* CommunityViewController.swift */ = {isa = PBXFileReference; lastKnownFileType = sourcecode.swift; path = CommunityViewController.swift; sourceTree = "<group>"; };
		06BBC141246FD53300BD0301 /* CommunityTableViewCell.swift */ = {isa = PBXFileReference; lastKnownFileType = sourcecode.swift; path = CommunityTableViewCell.swift; sourceTree = "<group>"; };
		06BBC142246FD53300BD0301 /* CommunityTableViewCell.xib */ = {isa = PBXFileReference; lastKnownFileType = file.xib; path = CommunityTableViewCell.xib; sourceTree = "<group>"; };
		06C9A033246C04160045E623 /* GgeumYeonGgeumJu.app */ = {isa = PBXFileReference; explicitFileType = wrapper.application; includeInIndex = 0; path = GgeumYeonGgeumJu.app; sourceTree = BUILT_PRODUCTS_DIR; };
		06C9A036246C04160045E623 /* AppDelegate.swift */ = {isa = PBXFileReference; lastKnownFileType = sourcecode.swift; path = AppDelegate.swift; sourceTree = "<group>"; };
		06C9A03A246C04160045E623 /* MainViewController.swift */ = {isa = PBXFileReference; lastKnownFileType = sourcecode.swift; path = MainViewController.swift; sourceTree = "<group>"; };
		06C9A03D246C04160045E623 /* Base */ = {isa = PBXFileReference; lastKnownFileType = file.storyboard; name = Base; path = Base.lproj/Main.storyboard; sourceTree = "<group>"; };
		06C9A03F246C04170045E623 /* Assets.xcassets */ = {isa = PBXFileReference; lastKnownFileType = folder.assetcatalog; path = Assets.xcassets; sourceTree = "<group>"; };
		06C9A042246C04170045E623 /* Base */ = {isa = PBXFileReference; lastKnownFileType = file.storyboard; name = Base; path = Base.lproj/LaunchScreen.storyboard; sourceTree = "<group>"; };
		06C9A044246C04170045E623 /* Info.plist */ = {isa = PBXFileReference; lastKnownFileType = text.plist.xml; path = Info.plist; sourceTree = "<group>"; };
		06C9A054246C1CA50045E623 /* StoryBoardName.swift */ = {isa = PBXFileReference; lastKnownFileType = sourcecode.swift; path = StoryBoardName.swift; sourceTree = "<group>"; };
		06C9A056246C1CB00045E623 /* ViewControllerIdentifier.swift */ = {isa = PBXFileReference; lastKnownFileType = sourcecode.swift; path = ViewControllerIdentifier.swift; sourceTree = "<group>"; };
		06C9A059246C550C0045E623 /* UIView+Extension.swift */ = {isa = PBXFileReference; lastKnownFileType = sourcecode.swift; path = "UIView+Extension.swift"; sourceTree = "<group>"; };
		06C9A05B246C575B0045E623 /* CALayer+Extension.swift */ = {isa = PBXFileReference; lastKnownFileType = sourcecode.swift; path = "CALayer+Extension.swift"; sourceTree = "<group>"; };
		06C9A05F246D12570045E623 /* TabBar.storyboard */ = {isa = PBXFileReference; lastKnownFileType = file.storyboard; path = TabBar.storyboard; sourceTree = "<group>"; };
		06C9A063246D141C0045E623 /* Community.storyboard */ = {isa = PBXFileReference; lastKnownFileType = file.storyboard; path = Community.storyboard; sourceTree = "<group>"; };
		06C9A066246D14350045E623 /* History.storyboard */ = {isa = PBXFileReference; lastKnownFileType = file.storyboard; path = History.storyboard; sourceTree = "<group>"; };
		06C9A068246D23AA0045E623 /* RecordViewController.swift */ = {isa = PBXFileReference; lastKnownFileType = sourcecode.swift; path = RecordViewController.swift; sourceTree = "<group>"; };
		06C9A06A246D32500045E623 /* String+Extension.swift */ = {isa = PBXFileReference; lastKnownFileType = sourcecode.swift; path = "String+Extension.swift"; sourceTree = "<group>"; };
		06C9A06C246D32890045E623 /* Date+Extension.swift */ = {isa = PBXFileReference; lastKnownFileType = sourcecode.swift; path = "Date+Extension.swift"; sourceTree = "<group>"; };
		06C9A074246D342E0045E623 /* GgeumYeonGgeumJuTests.xctest */ = {isa = PBXFileReference; explicitFileType = wrapper.cfbundle; includeInIndex = 0; path = GgeumYeonGgeumJuTests.xctest; sourceTree = BUILT_PRODUCTS_DIR; };
		06C9A076246D342E0045E623 /* GgeumYeonGgeumJuTests.swift */ = {isa = PBXFileReference; lastKnownFileType = sourcecode.swift; path = GgeumYeonGgeumJuTests.swift; sourceTree = "<group>"; };
		06C9A078246D342E0045E623 /* Info.plist */ = {isa = PBXFileReference; lastKnownFileType = text.plist.xml; path = Info.plist; sourceTree = "<group>"; };
		06D3E6FC248F686A00360CCD /* CommunityHeader.xib */ = {isa = PBXFileReference; lastKnownFileType = file.xib; path = CommunityHeader.xib; sourceTree = "<group>"; };
		06D3E700248F6D3500360CCD /* CommunityHeader.swift */ = {isa = PBXFileReference; lastKnownFileType = sourcecode.swift; path = CommunityHeader.swift; sourceTree = "<group>"; };
		7507494FFC756790FA5BFBFE /* Pods_GgeumYeonGgeumJu.framework */ = {isa = PBXFileReference; explicitFileType = wrapper.framework; includeInIndex = 0; path = Pods_GgeumYeonGgeumJu.framework; sourceTree = BUILT_PRODUCTS_DIR; };
		8B799E444DB397CAB31F37F7 /* Pods-GgeumYeonGgeumJu.release.xcconfig */ = {isa = PBXFileReference; includeInIndex = 1; lastKnownFileType = text.xcconfig; name = "Pods-GgeumYeonGgeumJu.release.xcconfig"; path = "Target Support Files/Pods-GgeumYeonGgeumJu/Pods-GgeumYeonGgeumJu.release.xcconfig"; sourceTree = "<group>"; };
/* End PBXFileReference section */

/* Begin PBXFrameworksBuildPhase section */
		06C9A030246C04160045E623 /* Frameworks */ = {
			isa = PBXFrameworksBuildPhase;
			buildActionMask = 2147483647;
			files = (
				8D7ADC677BEE34054E592C1D /* Pods_GgeumYeonGgeumJu.framework in Frameworks */,
			);
			runOnlyForDeploymentPostprocessing = 0;
		};
		06C9A071246D342E0045E623 /* Frameworks */ = {
			isa = PBXFrameworksBuildPhase;
			buildActionMask = 2147483647;
			files = (
			);
			runOnlyForDeploymentPostprocessing = 0;
		};
/* End PBXFrameworksBuildPhase section */

/* Begin PBXGroup section */
		0684FC522484F6A000532B77 /* Cell */ = {
			isa = PBXGroup;
			children = (
				0684FC532484F6B600532B77 /* HistoryTableViewCell.swift */,
			);
			path = Cell;
			sourceTree = "<group>";
		};
		0684FC5924862EA400532B77 /* Model */ = {
			isa = PBXGroup;
			children = (
				0684FC5A24862EBC00532B77 /* HistoryListModel.swift */,
			);
			path = Model;
			sourceTree = "<group>";
		};
		0684FC5C2487A17B00532B77 /* Service */ = {
			isa = PBXGroup;
			children = (
				0684FC5F2487A19D00532B77 /* Protocol */,
				0684FC602487A1AB00532B77 /* CommunityServiceImp.swift */,
			);
			path = Service;
			sourceTree = "<group>";
		};
		0684FC5F2487A19D00532B77 /* Protocol */ = {
			isa = PBXGroup;
			children = (
				0684FC5D2487A19A00532B77 /* CommunityServiceProtocol.swift */,
			);
			path = Protocol;
			sourceTree = "<group>";
		};
		0684FC622487A3D300532B77 /* Network */ = {
			isa = PBXGroup;
			children = (
				0684FC632487A3E100532B77 /* BaseAPI.swift */,
				0684FC652487A47300532B77 /* RequestURL.swift */,
				0684FC672487A9A300532B77 /* ResponseModel.swift */,
				0684FC6C2487B72900532B77 /* DependencyContainer.swift */,
				0684FC6E2487B75700532B77 /* DependencyPool.swift */,
			);
			path = Network;
			sourceTree = "<group>";
		};
		0684FC692487AA4400532B77 /* Model */ = {
			isa = PBXGroup;
			children = (
				0684FC6A2487AA6700532B77 /* CommunityListModel.swift */,
			);
			path = Model;
			sourceTree = "<group>";
		};
		06BBC13C246FCE8200BD0301 /* Views */ = {
			isa = PBXGroup;
			children = (
				0684FC5924862EA400532B77 /* Model */,
				0684FC522484F6A000532B77 /* Cell */,
				06C9A061246D140B0045E623 /* StoryBoard */,
				0684FC572485459C00532B77 /* HistoryViewController.swift */,
			);
			path = Views;
			sourceTree = "<group>";
		};
		06BBC13D246FCEEF00BD0301 /* Views */ = {
			isa = PBXGroup;
			children = (
				06BBC140246FD51800BD0301 /* Cell */,
				06C9A062246D140F0045E623 /* StoryBoard */,
				06BBC13E246FCF0200BD0301 /* CommunityViewController.swift */,
				062A3116247D6706002BF51C /* CommunityDetailViewController.swift */,
			);
			path = Views;
			sourceTree = "<group>";
		};
		06BBC140246FD51800BD0301 /* Cell */ = {
			isa = PBXGroup;
			children = (
				06BBC141246FD53300BD0301 /* CommunityTableViewCell.swift */,
				06BBC142246FD53300BD0301 /* CommunityTableViewCell.xib */,
				0684FC702487BF0A00532B77 /* CommentTableViewCell.swift */,
				0684FC712487BF0A00532B77 /* CommentTableViewCell.xib */,
				06D3E6FC248F686A00360CCD /* CommunityHeader.xib */,
				06D3E700248F6D3500360CCD /* CommunityHeader.swift */,
			);
			path = Cell;
			sourceTree = "<group>";
		};
		06C9A02A246C04160045E623 = {
			isa = PBXGroup;
			children = (
				06C9A035246C04160045E623 /* GgeumYeonGgeumJu */,
				06C9A075246D342E0045E623 /* GgeumYeonGgeumJuTests */,
				06C9A034246C04160045E623 /* Products */,
				C885F78F45046F05C7ADD12C /* Pods */,
				69E4CDED5A45CAE244BA023B /* Frameworks */,
			);
			sourceTree = "<group>";
		};
		06C9A034246C04160045E623 /* Products */ = {
			isa = PBXGroup;
			children = (
				06C9A033246C04160045E623 /* GgeumYeonGgeumJu.app */,
				06C9A074246D342E0045E623 /* GgeumYeonGgeumJuTests.xctest */,
			);
			name = Products;
			sourceTree = "<group>";
		};
		06C9A035246C04160045E623 /* GgeumYeonGgeumJu */ = {
			isa = PBXGroup;
			children = (
				0684FC622487A3D300532B77 /* Network */,
				06C9A04C246C041F0045E623 /* Screens */,
				06C9A04B246C041D0045E623 /* GlobalExtension */,
				06C9A058246C1CB60045E623 /* Helper */,
				06C9A04A246C041C0045E623 /* Support */,
			);
			path = GgeumYeonGgeumJu;
			sourceTree = "<group>";
		};
		06C9A04A246C041C0045E623 /* Support */ = {
			isa = PBXGroup;
			children = (
				06C9A036246C04160045E623 /* AppDelegate.swift */,
				06C9A03F246C04170045E623 /* Assets.xcassets */,
				06C9A044246C04170045E623 /* Info.plist */,
			);
			path = Support;
			sourceTree = "<group>";
		};
		06C9A04B246C041D0045E623 /* GlobalExtension */ = {
			isa = PBXGroup;
			children = (
				06C9A059246C550C0045E623 /* UIView+Extension.swift */,
				06C9A05B246C575B0045E623 /* CALayer+Extension.swift */,
				06C9A06A246D32500045E623 /* String+Extension.swift */,
				06C9A06C246D32890045E623 /* Date+Extension.swift */,
				0660D67D247C00AF0081A8C0 /* UIColor+Extension.swift */,
				0660D67F247C0A150081A8C0 /* UIViewController+Extension.swift */,
			);
			path = GlobalExtension;
			sourceTree = "<group>";
		};
		06C9A04C246C041F0045E623 /* Screens */ = {
			isa = PBXGroup;
			children = (
				06C9A05D246D123B0045E623 /* TabBar */,
				06C9A04E246C04460045E623 /* Splash */,
				06C9A050246C049E0045E623 /* Community */,
				06C9A04F246C044A0045E623 /* History */,
				06C9A04D246C043F0045E623 /* Main */,
			);
			path = Screens;
			sourceTree = "<group>";
		};
		06C9A04D246C043F0045E623 /* Main */ = {
			isa = PBXGroup;
			children = (
				06C9A053246C054D0045E623 /* Views */,
			);
			path = Main;
			sourceTree = "<group>";
		};
		06C9A04E246C04460045E623 /* Splash */ = {
			isa = PBXGroup;
			children = (
				06C9A051246C05340045E623 /* StoryBoard */,
			);
			path = Splash;
			sourceTree = "<group>";
		};
		06C9A04F246C044A0045E623 /* History */ = {
			isa = PBXGroup;
			children = (
				06BBC13C246FCE8200BD0301 /* Views */,
			);
			path = History;
			sourceTree = "<group>";
		};
		06C9A050246C049E0045E623 /* Community */ = {
			isa = PBXGroup;
			children = (
				0684FC692487AA4400532B77 /* Model */,
				0684FC5C2487A17B00532B77 /* Service */,
				06BBC13D246FCEEF00BD0301 /* Views */,
			);
			path = Community;
			sourceTree = "<group>";
		};
		06C9A051246C05340045E623 /* StoryBoard */ = {
			isa = PBXGroup;
			children = (
				06C9A041246C04170045E623 /* LaunchScreen.storyboard */,
			);
			path = StoryBoard;
			sourceTree = "<group>";
		};
		06C9A052246C05490045E623 /* StoryBoard */ = {
			isa = PBXGroup;
			children = (
				06C9A03C246C04160045E623 /* Main.storyboard */,
			);
			path = StoryBoard;
			sourceTree = "<group>";
		};
		06C9A053246C054D0045E623 /* Views */ = {
			isa = PBXGroup;
			children = (
				06C9A052246C05490045E623 /* StoryBoard */,
				06C9A03A246C04160045E623 /* MainViewController.swift */,
				06C9A068246D23AA0045E623 /* RecordViewController.swift */,
			);
			path = Views;
			sourceTree = "<group>";
		};
		06C9A058246C1CB60045E623 /* Helper */ = {
			isa = PBXGroup;
			children = (
				06C9A054246C1CA50045E623 /* StoryBoardName.swift */,
				06C9A056246C1CB00045E623 /* ViewControllerIdentifier.swift */,
			);
			path = Helper;
			sourceTree = "<group>";
		};
		06C9A05D246D123B0045E623 /* TabBar */ = {
			isa = PBXGroup;
			children = (
				06C9A05E246D12440045E623 /* StoryBoard */,
			);
			path = TabBar;
			sourceTree = "<group>";
		};
		06C9A05E246D12440045E623 /* StoryBoard */ = {
			isa = PBXGroup;
			children = (
				06C9A05F246D12570045E623 /* TabBar.storyboard */,
			);
			path = StoryBoard;
			sourceTree = "<group>";
		};
		06C9A061246D140B0045E623 /* StoryBoard */ = {
			isa = PBXGroup;
			children = (
				06C9A066246D14350045E623 /* History.storyboard */,
			);
			path = StoryBoard;
			sourceTree = "<group>";
		};
		06C9A062246D140F0045E623 /* StoryBoard */ = {
			isa = PBXGroup;
			children = (
				06C9A063246D141C0045E623 /* Community.storyboard */,
			);
			path = StoryBoard;
			sourceTree = "<group>";
		};
		06C9A075246D342E0045E623 /* GgeumYeonGgeumJuTests */ = {
			isa = PBXGroup;
			children = (
				06C9A076246D342E0045E623 /* GgeumYeonGgeumJuTests.swift */,
				06C9A078246D342E0045E623 /* Info.plist */,
			);
			path = GgeumYeonGgeumJuTests;
			sourceTree = "<group>";
		};
		69E4CDED5A45CAE244BA023B /* Frameworks */ = {
			isa = PBXGroup;
			children = (
				7507494FFC756790FA5BFBFE /* Pods_GgeumYeonGgeumJu.framework */,
			);
			name = Frameworks;
			sourceTree = "<group>";
		};
		C885F78F45046F05C7ADD12C /* Pods */ = {
			isa = PBXGroup;
			children = (
				008D661CD459A5FAEC95839F /* Pods-GgeumYeonGgeumJu.debug.xcconfig */,
				8B799E444DB397CAB31F37F7 /* Pods-GgeumYeonGgeumJu.release.xcconfig */,
			);
			path = Pods;
			sourceTree = "<group>";
		};
/* End PBXGroup section */

/* Begin PBXNativeTarget section */
		06C9A032246C04160045E623 /* GgeumYeonGgeumJu */ = {
			isa = PBXNativeTarget;
			buildConfigurationList = 06C9A047246C04170045E623 /* Build configuration list for PBXNativeTarget "GgeumYeonGgeumJu" */;
			buildPhases = (
				CCD1639C13CBA6BD04BBA9AC /* [CP] Check Pods Manifest.lock */,
				06C9A02F246C04160045E623 /* Sources */,
				06C9A030246C04160045E623 /* Frameworks */,
				06C9A031246C04160045E623 /* Resources */,
				6187C70293E185DBF15D16A2 /* [CP] Embed Pods Frameworks */,
			);
			buildRules = (
			);
			dependencies = (
			);
			name = GgeumYeonGgeumJu;
			productName = GgeumYeonGgeumJu;
			productReference = 06C9A033246C04160045E623 /* GgeumYeonGgeumJu.app */;
			productType = "com.apple.product-type.application";
		};
		06C9A073246D342E0045E623 /* GgeumYeonGgeumJuTests */ = {
			isa = PBXNativeTarget;
			buildConfigurationList = 06C9A07B246D342E0045E623 /* Build configuration list for PBXNativeTarget "GgeumYeonGgeumJuTests" */;
			buildPhases = (
				06C9A070246D342E0045E623 /* Sources */,
				06C9A071246D342E0045E623 /* Frameworks */,
				06C9A072246D342E0045E623 /* Resources */,
			);
			buildRules = (
			);
			dependencies = (
				06C9A07A246D342E0045E623 /* PBXTargetDependency */,
			);
			name = GgeumYeonGgeumJuTests;
			productName = GgeumYeonGgeumJuTests;
			productReference = 06C9A074246D342E0045E623 /* GgeumYeonGgeumJuTests.xctest */;
			productType = "com.apple.product-type.bundle.unit-test";
		};
/* End PBXNativeTarget section */

/* Begin PBXProject section */
		06C9A02B246C04160045E623 /* Project object */ = {
			isa = PBXProject;
			attributes = {
				LastSwiftUpdateCheck = 1130;
				LastUpgradeCheck = 1130;
				ORGANIZATIONNAME = "남수김";
				TargetAttributes = {
					06C9A032246C04160045E623 = {
						CreatedOnToolsVersion = 11.3.1;
					};
					06C9A073246D342E0045E623 = {
						CreatedOnToolsVersion = 11.3.1;
						TestTargetID = 06C9A032246C04160045E623;
					};
				};
			};
			buildConfigurationList = 06C9A02E246C04160045E623 /* Build configuration list for PBXProject "GgeumYeonGgeumJu" */;
			compatibilityVersion = "Xcode 9.3";
			developmentRegion = en;
			hasScannedForEncodings = 0;
			knownRegions = (
				en,
				Base,
			);
			mainGroup = 06C9A02A246C04160045E623;
			productRefGroup = 06C9A034246C04160045E623 /* Products */;
			projectDirPath = "";
			projectRoot = "";
			targets = (
				06C9A032246C04160045E623 /* GgeumYeonGgeumJu */,
				06C9A073246D342E0045E623 /* GgeumYeonGgeumJuTests */,
			);
		};
/* End PBXProject section */

/* Begin PBXResourcesBuildPhase section */
		06C9A031246C04160045E623 /* Resources */ = {
			isa = PBXResourcesBuildPhase;
			buildActionMask = 2147483647;
			files = (
				06C9A060246D12570045E623 /* TabBar.storyboard in Resources */,
				06C9A043246C04170045E623 /* LaunchScreen.storyboard in Resources */,
				06BBC144246FD53300BD0301 /* CommunityTableViewCell.xib in Resources */,
				06C9A040246C04170045E623 /* Assets.xcassets in Resources */,
				06C9A064246D141C0045E623 /* Community.storyboard in Resources */,
				06C9A03E246C04160045E623 /* Main.storyboard in Resources */,
				06D3E6FD248F686A00360CCD /* CommunityHeader.xib in Resources */,
				06C9A067246D14350045E623 /* History.storyboard in Resources */,
				0684FC732487BF0A00532B77 /* CommentTableViewCell.xib in Resources */,
			);
			runOnlyForDeploymentPostprocessing = 0;
		};
		06C9A072246D342E0045E623 /* Resources */ = {
			isa = PBXResourcesBuildPhase;
			buildActionMask = 2147483647;
			files = (
			);
			runOnlyForDeploymentPostprocessing = 0;
		};
/* End PBXResourcesBuildPhase section */

/* Begin PBXShellScriptBuildPhase section */
		6187C70293E185DBF15D16A2 /* [CP] Embed Pods Frameworks */ = {
			isa = PBXShellScriptBuildPhase;
			buildActionMask = 2147483647;
			files = (
			);
			inputFileListPaths = (
				"${PODS_ROOT}/Target Support Files/Pods-GgeumYeonGgeumJu/Pods-GgeumYeonGgeumJu-frameworks-${CONFIGURATION}-input-files.xcfilelist",
			);
			name = "[CP] Embed Pods Frameworks";
			outputFileListPaths = (
				"${PODS_ROOT}/Target Support Files/Pods-GgeumYeonGgeumJu/Pods-GgeumYeonGgeumJu-frameworks-${CONFIGURATION}-output-files.xcfilelist",
			);
			runOnlyForDeploymentPostprocessing = 0;
			shellPath = /bin/sh;
			shellScript = "\"${PODS_ROOT}/Target Support Files/Pods-GgeumYeonGgeumJu/Pods-GgeumYeonGgeumJu-frameworks.sh\"\n";
			showEnvVarsInLog = 0;
		};
		CCD1639C13CBA6BD04BBA9AC /* [CP] Check Pods Manifest.lock */ = {
			isa = PBXShellScriptBuildPhase;
			buildActionMask = 2147483647;
			files = (
			);
			inputFileListPaths = (
			);
			inputPaths = (
				"${PODS_PODFILE_DIR_PATH}/Podfile.lock",
				"${PODS_ROOT}/Manifest.lock",
			);
			name = "[CP] Check Pods Manifest.lock";
			outputFileListPaths = (
			);
			outputPaths = (
				"$(DERIVED_FILE_DIR)/Pods-GgeumYeonGgeumJu-checkManifestLockResult.txt",
			);
			runOnlyForDeploymentPostprocessing = 0;
			shellPath = /bin/sh;
			shellScript = "diff \"${PODS_PODFILE_DIR_PATH}/Podfile.lock\" \"${PODS_ROOT}/Manifest.lock\" > /dev/null\nif [ $? != 0 ] ; then\n    # print error to STDERR\n    echo \"error: The sandbox is not in sync with the Podfile.lock. Run 'pod install' or update your CocoaPods installation.\" >&2\n    exit 1\nfi\n# This output is used by Xcode 'outputs' to avoid re-running this script phase.\necho \"SUCCESS\" > \"${SCRIPT_OUTPUT_FILE_0}\"\n";
			showEnvVarsInLog = 0;
		};
/* End PBXShellScriptBuildPhase section */

/* Begin PBXSourcesBuildPhase section */
		06C9A02F246C04160045E623 /* Sources */ = {
			isa = PBXSourcesBuildPhase;
			buildActionMask = 2147483647;
			files = (
				0684FC6D2487B72900532B77 /* DependencyContainer.swift in Sources */,
				06C9A06B246D32500045E623 /* String+Extension.swift in Sources */,
				0660D680247C0A150081A8C0 /* UIViewController+Extension.swift in Sources */,
				06BBC143246FD53300BD0301 /* CommunityTableViewCell.swift in Sources */,
				06C9A055246C1CA50045E623 /* StoryBoardName.swift in Sources */,
				0684FC682487A9A300532B77 /* ResponseModel.swift in Sources */,
				0660D67E247C00AF0081A8C0 /* UIColor+Extension.swift in Sources */,
				0684FC612487A1AB00532B77 /* CommunityServiceImp.swift in Sources */,
				0684FC6B2487AA6700532B77 /* CommunityListModel.swift in Sources */,
				06C9A03B246C04160045E623 /* MainViewController.swift in Sources */,
				06C9A037246C04160045E623 /* AppDelegate.swift in Sources */,
				0684FC582485459C00532B77 /* HistoryViewController.swift in Sources */,
				06C9A069246D23AA0045E623 /* RecordViewController.swift in Sources */,
				0684FC6F2487B75700532B77 /* DependencyPool.swift in Sources */,
				06C9A05A246C550C0045E623 /* UIView+Extension.swift in Sources */,
				0684FC662487A47300532B77 /* RequestURL.swift in Sources */,
				0684FC542484F6B600532B77 /* HistoryTableViewCell.swift in Sources */,
				06D3E701248F6D3500360CCD /* CommunityHeader.swift in Sources */,
				0684FC5B24862EBC00532B77 /* HistoryListModel.swift in Sources */,
				062A3117247D6706002BF51C /* CommunityDetailViewController.swift in Sources */,
				06C9A057246C1CB00045E623 /* ViewControllerIdentifier.swift in Sources */,
				06C9A05C246C575B0045E623 /* CALayer+Extension.swift in Sources */,
				0684FC722487BF0A00532B77 /* CommentTableViewCell.swift in Sources */,
				0684FC5E2487A19B00532B77 /* CommunityServiceProtocol.swift in Sources */,
				06BBC13F246FCF0200BD0301 /* CommunityViewController.swift in Sources */,
				0684FC642487A3E100532B77 /* BaseAPI.swift in Sources */,
				06C9A06D246D32890045E623 /* Date+Extension.swift in Sources */,
			);
			runOnlyForDeploymentPostprocessing = 0;
		};
		06C9A070246D342E0045E623 /* Sources */ = {
			isa = PBXSourcesBuildPhase;
			buildActionMask = 2147483647;
			files = (
				06C9A077246D342E0045E623 /* GgeumYeonGgeumJuTests.swift in Sources */,
			);
			runOnlyForDeploymentPostprocessing = 0;
		};
/* End PBXSourcesBuildPhase section */

/* Begin PBXTargetDependency section */
		06C9A07A246D342E0045E623 /* PBXTargetDependency */ = {
			isa = PBXTargetDependency;
			target = 06C9A032246C04160045E623 /* GgeumYeonGgeumJu */;
			targetProxy = 06C9A079246D342E0045E623 /* PBXContainerItemProxy */;
		};
/* End PBXTargetDependency section */

/* Begin PBXVariantGroup section */
		06C9A03C246C04160045E623 /* Main.storyboard */ = {
			isa = PBXVariantGroup;
			children = (
				06C9A03D246C04160045E623 /* Base */,
			);
			name = Main.storyboard;
			sourceTree = "<group>";
		};
		06C9A041246C04170045E623 /* LaunchScreen.storyboard */ = {
			isa = PBXVariantGroup;
			children = (
				06C9A042246C04170045E623 /* Base */,
			);
			name = LaunchScreen.storyboard;
			sourceTree = "<group>";
		};
/* End PBXVariantGroup section */

/* Begin XCBuildConfiguration section */
		06C9A045246C04170045E623 /* Debug */ = {
			isa = XCBuildConfiguration;
			buildSettings = {
				ALWAYS_SEARCH_USER_PATHS = NO;
				CLANG_ANALYZER_NONNULL = YES;
				CLANG_ANALYZER_NUMBER_OBJECT_CONVERSION = YES_AGGRESSIVE;
				CLANG_CXX_LANGUAGE_STANDARD = "gnu++14";
				CLANG_CXX_LIBRARY = "libc++";
				CLANG_ENABLE_MODULES = YES;
				CLANG_ENABLE_OBJC_ARC = YES;
				CLANG_ENABLE_OBJC_WEAK = YES;
				CLANG_WARN_BLOCK_CAPTURE_AUTORELEASING = YES;
				CLANG_WARN_BOOL_CONVERSION = YES;
				CLANG_WARN_COMMA = YES;
				CLANG_WARN_CONSTANT_CONVERSION = YES;
				CLANG_WARN_DEPRECATED_OBJC_IMPLEMENTATIONS = YES;
				CLANG_WARN_DIRECT_OBJC_ISA_USAGE = YES_ERROR;
				CLANG_WARN_DOCUMENTATION_COMMENTS = YES;
				CLANG_WARN_EMPTY_BODY = YES;
				CLANG_WARN_ENUM_CONVERSION = YES;
				CLANG_WARN_INFINITE_RECURSION = YES;
				CLANG_WARN_INT_CONVERSION = YES;
				CLANG_WARN_NON_LITERAL_NULL_CONVERSION = YES;
				CLANG_WARN_OBJC_IMPLICIT_RETAIN_SELF = YES;
				CLANG_WARN_OBJC_LITERAL_CONVERSION = YES;
				CLANG_WARN_OBJC_ROOT_CLASS = YES_ERROR;
				CLANG_WARN_RANGE_LOOP_ANALYSIS = YES;
				CLANG_WARN_STRICT_PROTOTYPES = YES;
				CLANG_WARN_SUSPICIOUS_MOVE = YES;
				CLANG_WARN_UNGUARDED_AVAILABILITY = YES_AGGRESSIVE;
				CLANG_WARN_UNREACHABLE_CODE = YES;
				CLANG_WARN__DUPLICATE_METHOD_MATCH = YES;
				COPY_PHASE_STRIP = NO;
				DEBUG_INFORMATION_FORMAT = dwarf;
				ENABLE_STRICT_OBJC_MSGSEND = YES;
				ENABLE_TESTABILITY = YES;
				GCC_C_LANGUAGE_STANDARD = gnu11;
				GCC_DYNAMIC_NO_PIC = NO;
				GCC_NO_COMMON_BLOCKS = YES;
				GCC_OPTIMIZATION_LEVEL = 0;
				GCC_PREPROCESSOR_DEFINITIONS = (
					"DEBUG=1",
					"$(inherited)",
				);
				GCC_WARN_64_TO_32_BIT_CONVERSION = YES;
				GCC_WARN_ABOUT_RETURN_TYPE = YES_ERROR;
				GCC_WARN_UNDECLARED_SELECTOR = YES;
				GCC_WARN_UNINITIALIZED_AUTOS = YES_AGGRESSIVE;
				GCC_WARN_UNUSED_FUNCTION = YES;
				GCC_WARN_UNUSED_VARIABLE = YES;
				IPHONEOS_DEPLOYMENT_TARGET = 13.2;
				MTL_ENABLE_DEBUG_INFO = INCLUDE_SOURCE;
				MTL_FAST_MATH = YES;
				ONLY_ACTIVE_ARCH = YES;
				SDKROOT = iphoneos;
				SWIFT_ACTIVE_COMPILATION_CONDITIONS = DEBUG;
				SWIFT_OPTIMIZATION_LEVEL = "-Onone";
			};
			name = Debug;
		};
		06C9A046246C04170045E623 /* Release */ = {
			isa = XCBuildConfiguration;
			buildSettings = {
				ALWAYS_SEARCH_USER_PATHS = NO;
				CLANG_ANALYZER_NONNULL = YES;
				CLANG_ANALYZER_NUMBER_OBJECT_CONVERSION = YES_AGGRESSIVE;
				CLANG_CXX_LANGUAGE_STANDARD = "gnu++14";
				CLANG_CXX_LIBRARY = "libc++";
				CLANG_ENABLE_MODULES = YES;
				CLANG_ENABLE_OBJC_ARC = YES;
				CLANG_ENABLE_OBJC_WEAK = YES;
				CLANG_WARN_BLOCK_CAPTURE_AUTORELEASING = YES;
				CLANG_WARN_BOOL_CONVERSION = YES;
				CLANG_WARN_COMMA = YES;
				CLANG_WARN_CONSTANT_CONVERSION = YES;
				CLANG_WARN_DEPRECATED_OBJC_IMPLEMENTATIONS = YES;
				CLANG_WARN_DIRECT_OBJC_ISA_USAGE = YES_ERROR;
				CLANG_WARN_DOCUMENTATION_COMMENTS = YES;
				CLANG_WARN_EMPTY_BODY = YES;
				CLANG_WARN_ENUM_CONVERSION = YES;
				CLANG_WARN_INFINITE_RECURSION = YES;
				CLANG_WARN_INT_CONVERSION = YES;
				CLANG_WARN_NON_LITERAL_NULL_CONVERSION = YES;
				CLANG_WARN_OBJC_IMPLICIT_RETAIN_SELF = YES;
				CLANG_WARN_OBJC_LITERAL_CONVERSION = YES;
				CLANG_WARN_OBJC_ROOT_CLASS = YES_ERROR;
				CLANG_WARN_RANGE_LOOP_ANALYSIS = YES;
				CLANG_WARN_STRICT_PROTOTYPES = YES;
				CLANG_WARN_SUSPICIOUS_MOVE = YES;
				CLANG_WARN_UNGUARDED_AVAILABILITY = YES_AGGRESSIVE;
				CLANG_WARN_UNREACHABLE_CODE = YES;
				CLANG_WARN__DUPLICATE_METHOD_MATCH = YES;
				COPY_PHASE_STRIP = NO;
				DEBUG_INFORMATION_FORMAT = "dwarf-with-dsym";
				ENABLE_NS_ASSERTIONS = NO;
				ENABLE_STRICT_OBJC_MSGSEND = YES;
				GCC_C_LANGUAGE_STANDARD = gnu11;
				GCC_NO_COMMON_BLOCKS = YES;
				GCC_WARN_64_TO_32_BIT_CONVERSION = YES;
				GCC_WARN_ABOUT_RETURN_TYPE = YES_ERROR;
				GCC_WARN_UNDECLARED_SELECTOR = YES;
				GCC_WARN_UNINITIALIZED_AUTOS = YES_AGGRESSIVE;
				GCC_WARN_UNUSED_FUNCTION = YES;
				GCC_WARN_UNUSED_VARIABLE = YES;
				IPHONEOS_DEPLOYMENT_TARGET = 13.2;
				MTL_ENABLE_DEBUG_INFO = NO;
				MTL_FAST_MATH = YES;
				SDKROOT = iphoneos;
				SWIFT_COMPILATION_MODE = wholemodule;
				SWIFT_OPTIMIZATION_LEVEL = "-O";
				VALIDATE_PRODUCT = YES;
			};
			name = Release;
		};
		06C9A048246C04170045E623 /* Debug */ = {
			isa = XCBuildConfiguration;
			baseConfigurationReference = 008D661CD459A5FAEC95839F /* Pods-GgeumYeonGgeumJu.debug.xcconfig */;
			buildSettings = {
				ASSETCATALOG_COMPILER_APPICON_NAME = AppIcon;
				CODE_SIGN_STYLE = Automatic;
				DEVELOPMENT_TEAM = 7Z2CV7TB8R;
				INFOPLIST_FILE = GgeumYeonGgeumJu/Support/Info.plist;
				LD_RUNPATH_SEARCH_PATHS = (
					"$(inherited)",
					"@executable_path/Frameworks",
				);
				PRODUCT_BUNDLE_IDENTIFIER = ns.GgeumYeonGgeumJu;
				PRODUCT_NAME = "$(TARGET_NAME)";
				SWIFT_VERSION = 5.0;
				TARGETED_DEVICE_FAMILY = 1;
			};
			name = Debug;
		};
		06C9A049246C04170045E623 /* Release */ = {
			isa = XCBuildConfiguration;
			baseConfigurationReference = 8B799E444DB397CAB31F37F7 /* Pods-GgeumYeonGgeumJu.release.xcconfig */;
			buildSettings = {
				ASSETCATALOG_COMPILER_APPICON_NAME = AppIcon;
				CODE_SIGN_STYLE = Automatic;
				DEVELOPMENT_TEAM = 7Z2CV7TB8R;
				INFOPLIST_FILE = GgeumYeonGgeumJu/Support/Info.plist;
				LD_RUNPATH_SEARCH_PATHS = (
					"$(inherited)",
					"@executable_path/Frameworks",
				);
				PRODUCT_BUNDLE_IDENTIFIER = ns.GgeumYeonGgeumJu;
				PRODUCT_NAME = "$(TARGET_NAME)";
				SWIFT_VERSION = 5.0;
				TARGETED_DEVICE_FAMILY = 1;
			};
			name = Release;
		};
		06C9A07C246D342E0045E623 /* Debug */ = {
			isa = XCBuildConfiguration;
			buildSettings = {
				BUNDLE_LOADER = "$(TEST_HOST)";
				CODE_SIGN_STYLE = Automatic;
				DEVELOPMENT_TEAM = 7Z2CV7TB8R;
				INFOPLIST_FILE = GgeumYeonGgeumJuTests/Info.plist;
				LD_RUNPATH_SEARCH_PATHS = (
					"$(inherited)",
					"@executable_path/Frameworks",
					"@loader_path/Frameworks",
				);
				PRODUCT_BUNDLE_IDENTIFIER = ns.GgeumYeonGgeumJuTests;
				PRODUCT_NAME = "$(TARGET_NAME)";
				SWIFT_VERSION = 5.0;
				TARGETED_DEVICE_FAMILY = "1,2";
				TEST_HOST = "$(BUILT_PRODUCTS_DIR)/GgeumYeonGgeumJu.app/GgeumYeonGgeumJu";
			};
			name = Debug;
		};
		06C9A07D246D342E0045E623 /* Release */ = {
			isa = XCBuildConfiguration;
			buildSettings = {
				BUNDLE_LOADER = "$(TEST_HOST)";
				CODE_SIGN_STYLE = Automatic;
				DEVELOPMENT_TEAM = 7Z2CV7TB8R;
				INFOPLIST_FILE = GgeumYeonGgeumJuTests/Info.plist;
				LD_RUNPATH_SEARCH_PATHS = (
					"$(inherited)",
					"@executable_path/Frameworks",
					"@loader_path/Frameworks",
				);
				PRODUCT_BUNDLE_IDENTIFIER = ns.GgeumYeonGgeumJuTests;
				PRODUCT_NAME = "$(TARGET_NAME)";
				SWIFT_VERSION = 5.0;
				TARGETED_DEVICE_FAMILY = "1,2";
				TEST_HOST = "$(BUILT_PRODUCTS_DIR)/GgeumYeonGgeumJu.app/GgeumYeonGgeumJu";
			};
			name = Release;
		};
/* End XCBuildConfiguration section */

/* Begin XCConfigurationList section */
		06C9A02E246C04160045E623 /* Build configuration list for PBXProject "GgeumYeonGgeumJu" */ = {
			isa = XCConfigurationList;
			buildConfigurations = (
				06C9A045246C04170045E623 /* Debug */,
				06C9A046246C04170045E623 /* Release */,
			);
			defaultConfigurationIsVisible = 0;
			defaultConfigurationName = Release;
		};
		06C9A047246C04170045E623 /* Build configuration list for PBXNativeTarget "GgeumYeonGgeumJu" */ = {
			isa = XCConfigurationList;
			buildConfigurations = (
				06C9A048246C04170045E623 /* Debug */,
				06C9A049246C04170045E623 /* Release */,
			);
			defaultConfigurationIsVisible = 0;
			defaultConfigurationName = Release;
		};
		06C9A07B246D342E0045E623 /* Build configuration list for PBXNativeTarget "GgeumYeonGgeumJuTests" */ = {
			isa = XCConfigurationList;
			buildConfigurations = (
				06C9A07C246D342E0045E623 /* Debug */,
				06C9A07D246D342E0045E623 /* Release */,
			);
			defaultConfigurationIsVisible = 0;
			defaultConfigurationName = Release;
		};
/* End XCConfigurationList section */
	};
	rootObject = 06C9A02B246C04160045E623 /* Project object */;
}
